dependencies:
  espressif/esp-zboss-lib:
    component_hash: b7bf691a285ab2bf7ff877082f50de5fba1e903e53352a1fe03326e2c1c636d6
    source:
      service_url: https://api.components.espressif.com/
      type: service
    version: 1.1.2
  espressif/esp-zigbee-lib:
    component_hash: d667197fd224c4d32e16e26cd3a4f5c9b0aba6f11f635b38fb25512620ce539b
    source:
      service_url: https://api.components.espressif.com/
      type: service
    version: 1.1.2
  idf:
    component_hash: null
    source:
      type: idf
    version: 5.1.2
manifest_hash: b4ba10c87230b7501c06ea7f561b8eaa375c210e05e32cdc25f10f8bc98429fd
target: esp32c6
version: 1.0.0
