dependencies:
  espressif/esp-zboss-lib:
    component_hash: eebfa1dce1c9efaf364e2b9df2c61dc7269963f58b1d753658ebe06508e0f812
    source:
      service_url: https://api.components.espressif.com/
      type: service
    version: 0.7.2
  espressif/esp-zigbee-lib:
    component_hash: 334b27b6af02d5c275456b7608e74ed35d4a5036dfabc7828cf80cb070918418
    source:
      service_url: https://api.components.espressif.com/
      type: service
    version: 0.9.5
  idf:
    component_hash: null
    source:
      type: idf
    version: 5.1.2
manifest_hash: 3855dc1691eef2f9daf3d3faab29768b35cdf381e91f54db833e6418e3a46b89
target: esp32c6
version: 1.0.0
